
Microsoft Visual Studio Solution File, Format Version 12.00
# Visual Studio 15
VisualStudioVersion = 15.0.27130.2003
MinimumVisualStudioVersion = 10.0.40219.1
Project("{888888A0-9F3D-457C-B088-3A5042F75D52}") = "ClassesAndObjects", "ClassesAndObjects\ClassesAndObjects.pyproj", "{26423D64-ADC9-441A-BB3C-26EB4C2691E5}"
EndProject
Global
	GlobalSection(SolutionConfigurationPlatforms) = preSolution
		Debug|Any CPU = Debug|Any CPU
		Release|Any CPU = Release|Any CPU
	EndGlobalSection
	GlobalSection(ProjectConfigurationPlatforms) = postSolution
		{26423D64-ADC9-441A-BB3C-26EB4C2691E5}.Debug|Any CPU.ActiveCfg = Debug|Any CPU
		{26423D64-ADC9-441A-BB3C-26EB4C2691E5}.Release|Any CPU.ActiveCfg = Release|Any CPU
	EndGlobalSection
	GlobalSection(SolutionProperties) = preSolution
		HideSolutionNode = FALSE
	EndGlobalSection
	GlobalSection(ExtensibilityGlobals) = postSolution
		SolutionGuid = {9B984D18-41FC-4D92-9F40-E23D0C4594B5}
	EndGlobalSection
EndGlobal
